
Microsoft Visual Studio Solution File, Format Version 12.00
# Visual Studio 2012
Project("{FAE04EC0-301F-11D3-BF4B-00C04F79EFBC}") = "HackathonService", "HackathonService\HackathonService.csproj", "{47B26DA3-E3E0-41CB-BEB9-2D882EC55986}"
EndProject
Global
	GlobalSection(SolutionConfigurationPlatforms) = preSolution
		Debug|Any CPU = Debug|Any CPU
		Release|Any CPU = Release|Any CPU
	EndGlobalSection
	GlobalSection(ProjectConfigurationPlatforms) = postSolution
		{47B26DA3-E3E0-41CB-BEB9-2D882EC55986}.Debug|Any CPU.ActiveCfg = Debug|Any CPU
		{47B26DA3-E3E0-41CB-BEB9-2D882EC55986}.Debug|Any CPU.Build.0 = Debug|Any CPU
		{47B26DA3-E3E0-41CB-BEB9-2D882EC55986}.Release|Any CPU.ActiveCfg = Release|Any CPU
		{47B26DA3-E3E0-41CB-BEB9-2D882EC55986}.Release|Any CPU.Build.0 = Release|Any CPU
	EndGlobalSection
	GlobalSection(SolutionProperties) = preSolution
		HideSolutionNode = FALSE
	EndGlobalSection
EndGlobal
